# This file is generated by running "yarn install" inside your project.
# Manual changes might be lost - proceed with caution!

__metadata:
  version: 8
  cacheKey: 10c0

"@bower_components/angular-animate@angular/bower-angular-animate#v1.4.8":
  version: 1.4.8
  resolution: "@bower_components/angular-animate@https://github.com/angular/bower-angular-animate.git#commit=cc1d9740059f5e8fd43abf0e2e80695d43b3b6b1"
  checksum: 10c0/fe0a0534f1fdc2d2c341a3312a57e03d97650cbcb1be03513fad0fddcb2787d8ca31017669b0dc21d990d86cbc585d18b386a26739af9e7509f4f864c233464c
  languageName: node
  linkType: hard

"@bower_components/angular-dragula@scbd/angular-dragula#1dce13cd4fb9c53ded111e5ebfb5f18e5fa95117":
  version: 1.2.6
  resolution: "@bower_components/angular-dragula@https://github.com/scbd/angular-dragula.git#commit=1dce13cd4fb9c53ded111e5ebfb5f18e5fa95117"
  dependencies:
    atoa: "npm:1.0.0"
    dragula: "npm:3.6.8"
  checksum: 10c0/f818af2610d3426ce35017f7555db09a8794e72e6e12d048e8c2ab39e8620809c591fccc57f437c8d48323ad6202675359cf707dc2183ccbe6f1d4a857d533a5
  languageName: node
  linkType: hard

"@bower_components/angular-loading-bar@chieffancypants/angular-loading-bar#0.9.0":
  version: 0.9.0
  resolution: "@bower_components/angular-loading-bar@https://github.com/chieffancypants/angular-loading-bar.git#commit=d734873e52ded18fa27d67f52272ae43267dfd63"
  checksum: 10c0/28d033659cc2bdca61002a72598b7fbe37a948eaea0b074ceb8b16d612b1084858e27fa5ad0cf01840484309c81b6e60f9d74f2d31b87cb2a31c64f8c3b3b4a2
  languageName: node
  linkType: hard

"@bower_components/angular-route@angular/bower-angular-route#v1.4.8":
  version: 1.4.8
  resolution: "@bower_components/angular-route@https://github.com/angular/bower-angular-route.git#commit=623c956a4151bd8e864ba7d166eb8744413dde7d"
  checksum: 10c0/17adc9dacee92ea8c07162e30fe7758b1ed8982b4b305f20d34794268e5eb5ec9953281597476ca932b7c42388dc5d0b0d6a1e03339d7f124906b4d888033c1d
  languageName: node
  linkType: hard

"@bower_components/angular-socialshare@720kb/angular-socialshare#semver:^2.3.3":
  version: 2.3.11
  resolution: "@bower_components/angular-socialshare@https://github.com/720kb/angular-socialshare.git#commit=2009f445400726b57d734c1be317c8654627bd0b"
  checksum: 10c0/84a8c06c7606babff85bca116e46bab62f7faa4e5ddccac2acfdf6926938b1e43d7a3904925253ec0be7933929d4dacdc7b3021397e66a27f8f08863971ac1bf
  languageName: node
  linkType: hard

"@bower_components/angular-toastr@Foxandxss/angular-toastr#1.7.0":
  version: 1.7.0
  resolution: "@bower_components/angular-toastr@https://github.com/Foxandxss/angular-toastr.git#commit=c97ca9463866ae8330c699ee061a25d3fd5c9180"
  checksum: 10c0/0e7b81d0c2a8e4652e6d32fdf71b76d7d02a40f948146d43f7f542e45e4b710b86588b6a73412537dfce5e70a5f34dcc9548ecb27c70f590f3f4f794cf2e800b
  languageName: node
  linkType: hard

"@bower_components/angular-ui-select@angular-ui/ui-select#semver:^0.19.4":
  version: 0.19.8
  resolution: "@bower_components/angular-ui-select@https://github.com/angular-ui/ui-select.git#commit=fc6502179847b41f864be042d432eec32e8530c4"
  checksum: 10c0/3407bdf5e9071598a88b2545956c5c9878914289a14b194e79e4169dec0dd2d9f940d1f1d1a7e3df63f297683c894fc910be6356bbde96623d7eebe89d3fae8f
  languageName: node
  linkType: hard

"@bower_components/angular@angular/bower-angular#v1.4.9":
  version: 1.4.9
  resolution: "@bower_components/angular@https://github.com/angular/bower-angular.git#commit=a69eba562dc18df13f27ca0274c90ee26c29004e"
  checksum: 10c0/d38dc0d660c09f42c970d6e5afdf8353bfbb87bec947ba69b98f41010776fd011f2c667e01f2921d615b959bbeeafdacc96eb8980f4b8fdfb2a993428f47285f
  languageName: node
  linkType: hard

"@bower_components/animate.css@daneden/animate.css#semver:>=3.2.0":
  version: 4.1.1
  resolution: "@bower_components/animate.css@https://github.com/daneden/animate.css.git#commit=e8c4fab1278435e189321f5fcbae6dbf07d1a1cf"
  checksum: 10c0/1f6516d96486a663b5ca41c96896bf6063a31c84f3b4edbaf08978c509e8fc97cea5cdb083ad7ca8dfa603deb3ecee1689f90ef2ad14b75544059f6f8b177fa0
  languageName: node
  linkType: hard

"@bower_components/bootstrap@twbs/bootstrap#v3.3.6":
  version: 3.3.6
  resolution: "@bower_components/bootstrap@https://github.com/twbs/bootstrap.git#commit=81df608a40bf0629a1dc08e584849bb1e43e0b7a"
  checksum: 10c0/09e3b8b52cbaede70ed494b7726f3512c5c7399261482381463beced5f7a8b5270580f8df86ca6028604749ce296eea86aa0ec56137c7a321dda83f8c58049b5
  languageName: node
  linkType: hard

"@bower_components/flag-icon-css@lipis/flag-icon-css#2.8.0":
  version: 2.8.0
  resolution: "@bower_components/flag-icon-css@https://github.com/lipis/flag-icon-css.git#commit=b0a4e05d5e5054e58bd7537c3f1f6712ead19dae"
  checksum: 10c0/b4178169de69ddf9eb22639dd3cdf66f424c23fc0c05fe11d05f3b212e7c523eb1bf5d6ba426e849ed2ffe3d4a5eb106dc66202885e155a3a2d708034a8db2aa
  languageName: node
  linkType: hard

"@bower_components/font-awesome@FortAwesome/Font-Awesome#v4.5.0":
  version: 4.5.0
  resolution: "@bower_components/font-awesome@https://github.com/FortAwesome/Font-Awesome.git#commit=593ad563a987977f14102be935d0abc2a172903e"
  checksum: 10c0/500309db97bf13c7527e8b6d511c2bb986d4f9106a476b319e72d577682e577cec97a07e7bbed0aac66a849c31a81d7ff9dee2f9b41160b3e1077bd47e524b3b
  languageName: node
  linkType: hard

"@bower_components/jquery@jquery/jquery-dist#2.2.0":
  version: 2.2.0
  resolution: "@bower_components/jquery@https://github.com/jquery/jquery-dist.git#commit=6fc01e29bdad0964f62ef56d01297039cdcadbe5"
  checksum: 10c0/4187f0b4c99adbea6229ad24fa101534a796dcd4af6aafd94feaf197bb57156241d475ffbc144de00a0f7d19eca7fc5ee78c81f551606cbe0b6196b0e2978910
  languageName: node
  linkType: hard

"@bower_components/linqjs@file:./vendor/@bower_components/linqjs::locator=inde%40workspace%3A.":
  version: 2.2.0
  resolution: "@bower_components/linqjs@file:./vendor/@bower_components/linqjs#./vendor/@bower_components/linqjs::hash=b3e3c3&locator=inde%40workspace%3A."
  checksum: 10c0/d19dabe461dcacfa09e3e0dbc494dec8aea557508611da8dc6fbf465eac978dfd7a612a3cab11b9585c5e850585645c863e063d6de067a76ad250822cb02da43
  languageName: node
  linkType: hard

"@bower_components/lodash@lodash/lodash#4.15.0":
  version: 4.15.0
  resolution: "@bower_components/lodash@https://github.com/lodash/lodash.git#commit=e538563f2cf208980f24cda75ba21fabf939a604"
  checksum: 10c0/9ebf2db349f19aac72e1e9440b7afbc6e490e3d1994fbe3a9e8a4eb216862c2fd0b410dd78c3c33407013ff537f7e39242ac4c95631a2eaab47d3272eb907c3b
  languageName: node
  linkType: hard

"@bower_components/moment-timezone@moment/moment-timezone#0.5.3":
  version: 0.5.3
  resolution: "@bower_components/moment-timezone@https://github.com/moment/moment-timezone.git#commit=8f378f4ff257908ff4af514345704072e40a75cc"
  dependencies:
    moment: "npm:>= 2.6.0"
  checksum: 10c0/efc5a134c23a9ec46c79c233581e96b43fc8b5dbec81d2db440197c57c57936e7fe5bc497adf7587f27cc31e4e5a1cd972cbfecfcd84888ace4dd36b7f874ece
  languageName: node
  linkType: hard

"@bower_components/moment@moment/moment#2.11.1":
  version: 2.11.1
  resolution: "@bower_components/moment@https://github.com/moment/moment.git#commit=92aa818d27db9ef891f383fa494d0be824af921d"
  checksum: 10c0/27c032b9210f2ae1beb8bc43468d68bbbf1dfa784fa8c246050930d7c4f7b2bc2f7ebbc47a851a992df81c0811e982b4715220053bb5a38183a20197a542caeb
  languageName: node
  linkType: hard

"@bower_components/ng-ckeditor@esvit/ng-ckeditor#semver:^0.2.1":
  version: 0.2.0
  resolution: "@bower_components/ng-ckeditor@https://github.com/esvit/ng-ckeditor.git#commit=8b9ece340f7d90bb3167604cc9d317c8041058c3"
  checksum: 10c0/20764aa9fe518729cec68bbb07596ca5a1fe8826a9e237fe37998752bf354effe35a93c522910e6c04e488d2efba9f9023ad64a6ddc807f6849b1318b3c05ec2
  languageName: node
  linkType: hard

"@bower_components/ng-dialog@likeastore/ngDialog#0.5.8":
  version: 0.5.8
  resolution: "@bower_components/ng-dialog@https://github.com/likeastore/ngDialog.git#commit=4352b664d14044d4b215cff14b8991964dbc11aa"
  checksum: 10c0/f3f9ba6e169032f123ddea687d3f61d9f3ddcb9e8e86a554961c6f6fc3efcb3644eb6d8c9ca19bb121045eb1261392edf6a3109637ca3d1c1a2116831e987722
  languageName: node
  linkType: hard

"@bower_components/ng-file-upload@npm:ng-file-upload@12.0.1":
  version: 12.0.1
  resolution: "ng-file-upload@npm:12.0.1"
  checksum: 10c0/e3a4257fce0f36af38e8b67537576b04fc93782641e26c31ef66a71a860c0a685475485aa4f2568abb2f94d2be34780ed07e38a8026a7161fd1d3545c35b00e3
  languageName: node
  linkType: hard

"@bower_components/ngSmoothScroll@file:./vendor/@bower_components/ngSmoothScroll::locator=inde%40workspace%3A.":
  version: 2.0.0
  resolution: "@bower_components/ngSmoothScroll@file:./vendor/@bower_components/ngSmoothScroll#./vendor/@bower_components/ngSmoothScroll::hash=ee12ea&locator=inde%40workspace%3A."
  checksum: 10c0/074c9af7005b2eb340039e7e86444f221c698f59a399623dcc82821c91ce743d3d811152438a868c281b96d7fac168f8d5b51bd55cbef4d278dba8f1dd499912
  languageName: node
  linkType: hard

"@bower_components/requirejs-plugins@npm:requirejs-plugins@1.0.2":
  version: 1.0.2
  resolution: "requirejs-plugins@npm:1.0.2"
  checksum: 10c0/76b41165ce2fd9a94f551129566aa77b23fa43b88646ce19cf8e878f9ef0992757143f18ff2b30d772f6980031b7e931981325e271a3631bf4cbc2de1176f934
  languageName: node
  linkType: hard

"@bower_components/requirejs-text@requirejs/text#2.0.15":
  version: 2.0.15
  resolution: "@bower_components/requirejs-text@https://github.com/requirejs/text.git#commit=77b6e63abb6c87a62bb895bda2f78b9403bf2716"
  checksum: 10c0/b5814be4acf1a8a06cf78b078b9a543e212e1886cb492ea08aeb34e567a8dc0a5196e9e19072e9b3c157edd138fd4bc2645bb12deec96fa0e7f9d046ae779eb2
  languageName: node
  linkType: hard

"@bower_components/requirejs@npm:requirejs@2.3.8":
  version: 2.3.8
  resolution: "requirejs@npm:2.3.8"
  bin:
    r.js: bin/r.js
    r_js: bin/r.js
  checksum: 10c0/84471a69a7f4c8a30974371dd6fc5194fe450e49a55298f2f91ef48c765cfe1babf25b6e92d765c0595ee22bfc40bd1e8cb5e242c2d4e9d2301dfbec459d13a0
  languageName: node
  linkType: hard

"@bower_components/scroll-animate-directive@file:./vendor/@bower_components/scroll-animate-directive::locator=inde%40workspace%3A.":
  version: 0.1.2
  resolution: "@bower_components/scroll-animate-directive@file:./vendor/@bower_components/scroll-animate-directive#./vendor/@bower_components/scroll-animate-directive::hash=007373&locator=inde%40workspace%3A."
  checksum: 10c0/59ef33dd4fd058f0add82875f1ad547614c1d5b5dc631f9d3115fdbca7ed7933a1a713265c63510afa66594208d87a7ea495e072c3a6c0081d4a536ec1b626f1
  languageName: node
  linkType: hard

"accepts@npm:~1.3.5":
  version: 1.3.8
  resolution: "accepts@npm:1.3.8"
  dependencies:
    mime-types: "npm:~2.1.34"
    negotiator: "npm:0.6.3"
  checksum: 10c0/3a35c5f5586cfb9a21163ca47a5f77ac34fa8ceb5d17d2fa2c0d81f41cbd7f8c6fa52c77e2c039acc0f4d09e71abdc51144246900f6bef5e3c4b333f77d89362
  languageName: node
  linkType: hard

"angular-cache@npm:^4.6.0":
  version: 4.6.0
  resolution: "angular-cache@npm:4.6.0"
  peerDependencies:
    angular: ">=1.x <2"
  checksum: 10c0/6cc533fc0837ca2b02f2b86aff415873038e2e2fc66b984178cd59a8f1e677eafcbe8a113af1fb838207633bdd6595e0201b2eb1ec1310715ad528c42b242964
  languageName: node
  linkType: hard

"array-flatten@npm:1.1.1":
  version: 1.1.1
  resolution: "array-flatten@npm:1.1.1"
  checksum: 10c0/806966c8abb2f858b08f5324d9d18d7737480610f3bd5d3498aaae6eb5efdc501a884ba019c9b4a8f02ff67002058749d05548fd42fa8643f02c9c7f22198b91
  languageName: node
  linkType: hard

"atoa@npm:1.0.0":
  version: 1.0.0
  resolution: "atoa@npm:1.0.0"
  checksum: 10c0/8aeb1418875135dbd3715d79331f5ce6af84aab9e5b74658e893a06d4a37b3a8a9b6847c7e5cb6c60ece11d593ae439fbe15a82616659ba6fc410c09b941c665
  languageName: node
  linkType: hard

"body-parser@npm:1.18.2":
  version: 1.18.2
  resolution: "body-parser@npm:1.18.2"
  dependencies:
    bytes: "npm:3.0.0"
    content-type: "npm:~1.0.4"
    debug: "npm:2.6.9"
    depd: "npm:~1.1.1"
    http-errors: "npm:~1.6.2"
    iconv-lite: "npm:0.4.19"
    on-finished: "npm:~2.3.0"
    qs: "npm:6.5.1"
    raw-body: "npm:2.3.2"
    type-is: "npm:~1.6.15"
  checksum: 10c0/ce1ebca2e62def1c0f53cfc4e70ac225aea3567a51f1f7695a78d74b5062042c09ae4fe033aa0d63de8c60d7007c9814870471115164b4ffb9fac0087a1cb052
  languageName: node
  linkType: hard

"bytes@npm:3.0.0":
  version: 3.0.0
  resolution: "bytes@npm:3.0.0"
  checksum: 10c0/91d42c38601c76460519ffef88371caacaea483a354c8e4b8808e7b027574436a5713337c003ea3de63ee4991c2a9a637884fdfe7f761760d746929d9e8fec60
  languageName: node
  linkType: hard

"content-disposition@npm:0.5.2":
  version: 0.5.2
  resolution: "content-disposition@npm:0.5.2"
  checksum: 10c0/49eebaa0da1f9609b192e99d7fec31d1178cb57baa9d01f5b63b29787ac31e9d18b5a1033e854c68c9b6cce790e700a6f7fa60e43f95e2e416404e114a8f2f49
  languageName: node
  linkType: hard

"content-type@npm:~1.0.4":
  version: 1.0.5
  resolution: "content-type@npm:1.0.5"
  checksum: 10c0/b76ebed15c000aee4678c3707e0860cb6abd4e680a598c0a26e17f0bfae723ec9cc2802f0ff1bc6e4d80603719010431d2231018373d4dde10f9ccff9dadf5af
  languageName: node
  linkType: hard

"contra@npm:1.9.1":
  version: 1.9.1
  resolution: "contra@npm:1.9.1"
  dependencies:
    atoa: "npm:1.0.0"
    ticky: "npm:1.0.0"
  checksum: 10c0/909cba04a3b99ad5f2df9295c880e61bb764476646800162c1f63b173c81b79677648299dc877368fe1fa54818247ef98aa2971bacf6d3cb0ec6d117c0fd46a6
  languageName: node
  linkType: hard

"cookie-signature@npm:1.0.6":
  version: 1.0.6
  resolution: "cookie-signature@npm:1.0.6"
  checksum: 10c0/b36fd0d4e3fef8456915fcf7742e58fbfcc12a17a018e0eb9501c9d5ef6893b596466f03b0564b81af29ff2538fd0aa4b9d54fe5ccbfb4c90ea50ad29fe2d221
  languageName: node
  linkType: hard

"cookie@npm:0.3.1":
  version: 0.3.1
  resolution: "cookie@npm:0.3.1"
  checksum: 10c0/0d73c4d605b234c4d04de335aefa4988157f03265845f4a89ea311e3ba1ce73ab42b52d33652ed1c9671342eb77742a58f61753f3e90f31711284fb6031b2962
  languageName: node
  linkType: hard

"crossvent@npm:1.5.4":
  version: 1.5.4
  resolution: "crossvent@npm:1.5.4"
  dependencies:
    custom-event: "npm:1.0.0"
  checksum: 10c0/c76b42688573295ddb1ad09a4bf88fd0f7b234433db0b0dc97feb414239fe7b20663b210406615c96fc5f4cb024f7a529d9ac17df2f5025e6ae8e32c6663ff99
  languageName: node
  linkType: hard

"custom-event@npm:1.0.0":
  version: 1.0.0
  resolution: "custom-event@npm:1.0.0"
  checksum: 10c0/c36867b69c0c7ab3bc029e7a3791681e00d65004d469f1539e4f9503216232ba72dc06bd0a7acaf24b8ef3081f4d46e1d94af8e746687bd6bbdc665e2480a2ed
  languageName: node
  linkType: hard

"debug@npm:3.1.0":
  version: 3.1.0
  resolution: "debug@npm:3.1.0"
  dependencies:
    ms: "npm:2.0.0"
  checksum: 10c0/5bff34a352d7b2eaa31886eeaf2ee534b5461ec0548315b2f9f80bd1d2533cab7df1fa52e130ce27bc31c3945fbffb0fc72baacdceb274b95ce853db89254ea4
  languageName: node
  linkType: hard

"depd@npm:1.1.2":
  version: 1.1.2
  resolution: "depd@npm:1.1.2"
  checksum: 10c0/acb24aaf936ef9a227b6be6d495f0d2eb20108a9a6ad40585c5bda1a897031512fef6484e4fdbb80bd249fdaa82841fa1039f416ece03188e677ba11bcfda249
  languageName: node
  linkType: hard

"destroy@npm:~1.0.4":
  version: 1.0.4
  resolution: "destroy@npm:1.0.4"
  checksum: 10c0/eab493808ba17a1fa22c71ef1a4e68d2c4c5222a38040606c966d2ab09117f3a7f3e05c39bffbe41a697f9de552039e43c30e46f0c3eab3faa9f82e800e172a0
  languageName: node
  linkType: hard

"dragula@npm:3.6.8":
  version: 3.6.8
  resolution: "dragula@npm:3.6.8"
  dependencies:
    contra: "npm:1.9.1"
    crossvent: "npm:1.5.4"
  checksum: 10c0/abb3d1da277618d98825c54246a04cf5be9fbe5c3ada683323c247cbea7fe982f8367d30f7420c7e5d11fc11d2d335d62f5cf8f803901c783a282da494ac23a4
  languageName: node
  linkType: hard

"ee-first@npm:1.1.1":
  version: 1.1.1
  resolution: "ee-first@npm:1.1.1"
  checksum: 10c0/b5bb125ee93161bc16bfe6e56c6b04de5ad2aa44234d8f644813cc95d861a6910903132b05093706de2b706599367c4130eb6d170f6b46895686b95f87d017b7
  languageName: node
  linkType: hard

"ejs@npm:2.6.1":
  version: 2.6.1
  resolution: "ejs@npm:2.6.1"
  checksum: 10c0/156a56b09f8d53c15485366994c7e8c730e8b822e086c3e9bea887f66d3759e5d1ce06337aa66caeba91f3ee886b4e488d6405cf1d470ad2e0c011181443ec62
  languageName: node
  linkType: hard

"encodeurl@npm:~1.0.2":
  version: 1.0.2
  resolution: "encodeurl@npm:1.0.2"
  checksum: 10c0/f6c2387379a9e7c1156c1c3d4f9cb7bb11cf16dd4c1682e1f6746512564b053df5781029b6061296832b59fb22f459dbe250386d217c2f6e203601abb2ee0bec
  languageName: node
  linkType: hard

"escape-html@npm:~1.0.3":
  version: 1.0.3
  resolution: "escape-html@npm:1.0.3"
  checksum: 10c0/524c739d776b36c3d29fa08a22e03e8824e3b2fd57500e5e44ecf3cc4707c34c60f9ca0781c0e33d191f2991161504c295e98f68c78fe7baa6e57081ec6ac0a3
  languageName: node
  linkType: hard

"etag@npm:~1.8.1":
  version: 1.8.1
  resolution: "etag@npm:1.8.1"
  checksum: 10c0/12be11ef62fb9817314d790089a0a49fae4e1b50594135dcb8076312b7d7e470884b5100d249b28c18581b7fd52f8b485689ffae22a11ed9ec17377a33a08f84
  languageName: node
  linkType: hard

"eventemitter3@npm:^3.0.0":
  version: 3.1.2
  resolution: "eventemitter3@npm:3.1.2"
  checksum: 10c0/c67262eccbf85848b7cc6d4abb6c6e34155e15686db2a01c57669fd0d44441a574a19d44d25948b442929e065774cbe5003d8e77eed47674fbf876ac77887793
  languageName: node
  linkType: hard

"express@npm:4.16.3":
  version: 4.16.3
  resolution: "express@npm:4.16.3"
  dependencies:
    accepts: "npm:~1.3.5"
    array-flatten: "npm:1.1.1"
    body-parser: "npm:1.18.2"
    content-disposition: "npm:0.5.2"
    content-type: "npm:~1.0.4"
    cookie: "npm:0.3.1"
    cookie-signature: "npm:1.0.6"
    debug: "npm:2.6.9"
    depd: "npm:~1.1.2"
    encodeurl: "npm:~1.0.2"
    escape-html: "npm:~1.0.3"
    etag: "npm:~1.8.1"
    finalhandler: "npm:1.1.1"
    fresh: "npm:0.5.2"
    merge-descriptors: "npm:1.0.1"
    methods: "npm:~1.1.2"
    on-finished: "npm:~2.3.0"
    parseurl: "npm:~1.3.2"
    path-to-regexp: "npm:0.1.7"
    proxy-addr: "npm:~2.0.3"
    qs: "npm:6.5.1"
    range-parser: "npm:~1.2.0"
    safe-buffer: "npm:5.1.1"
    send: "npm:0.16.2"
    serve-static: "npm:1.13.2"
    setprototypeof: "npm:1.1.0"
    statuses: "npm:~1.4.0"
    type-is: "npm:~1.6.16"
    utils-merge: "npm:1.0.1"
    vary: "npm:~1.1.2"
  checksum: 10c0/6568614ace669bd70ed710c1a06ab3f4a16576597846a663e5600c38e9caf15f76b519f60a1c7a586faa5077b251a3b3cf6a8c592d9b7d804b581eefd482481b
  languageName: node
  linkType: hard

"finalhandler@npm:1.1.1":
  version: 1.1.1
  resolution: "finalhandler@npm:1.1.1"
  dependencies:
    debug: "npm:2.6.9"
    encodeurl: "npm:~1.0.2"
    escape-html: "npm:~1.0.3"
    on-finished: "npm:~2.3.0"
    parseurl: "npm:~1.3.2"
    statuses: "npm:~1.4.0"
    unpipe: "npm:~1.0.0"
  checksum: 10c0/c0fcd573daf3188a4ae7ea6988c9de3e53fd3d20e78e0c3ebd4a6a184c0e7a6ec3dc1c0e42ceb710323642ca4eaeded5440db57c0505c794616538452479bf22
  languageName: node
  linkType: hard

"follow-redirects@npm:^1.0.0":
  version: 1.16.0
  resolution: "follow-redirects@npm:1.16.0"
  peerDependenciesMeta:
    debug:
      optional: true
  checksum: 10c0/a1e2900163e6f1b4d1ed5c221b607f41decbab65534c63fe7e287e40a5d552a6496e7d9d7d976fa4ba77b4c51c11e5e9f683f10b43011ea11e442ff128d0e181
  languageName: node
  linkType: hard

"forwarded@npm:0.2.0":
  version: 0.2.0
  resolution: "forwarded@npm:0.2.0"
  checksum: 10c0/9b67c3fac86acdbc9ae47ba1ddd5f2f81526fa4c8226863ede5600a3f7c7416ef451f6f1e240a3cc32d0fd79fcfe6beb08fd0da454f360032bde70bf80afbb33
  languageName: node
  linkType: hard

"fresh@npm:0.5.2":
  version: 0.5.2
  resolution: "fresh@npm:0.5.2"
  checksum: 10c0/c6d27f3ed86cc5b601404822f31c900dd165ba63fff8152a3ef714e2012e7535027063bc67ded4cb5b3a49fa596495d46cacd9f47d6328459cf570f08b7d9e5a
  languageName: node
  linkType: hard

"http-errors@npm:1.6.3":
  version: 1.6.3
  resolution: "http-errors@npm:1.6.3"
  dependencies:
    depd: "npm:~1.1.2"
    inherits: "npm:2.0.3"
    setprototypeof: "npm:1.1.0"
    statuses: "npm:>= 1.4.0 < 2"
  checksum: 10c0/17ec4046ee974477778bfdd525936c254b872054703ec2caa4d6f099566b8adade636ae6aeeacb39302c5cd6e28fb407ebd937f500f5010d0b6850750414ff78
  languageName: node
  linkType: hard

"http-proxy@npm:1.17":
  version: 1.17.0
  resolution: "http-proxy@npm:1.17.0"
  dependencies:
    eventemitter3: "npm:^3.0.0"
    follow-redirects: "npm:^1.0.0"
    requires-port: "npm:^1.0.0"
  checksum: 10c0/135eba16c7e50ce71993826e7dc30240c391b2f9a9d762a8fdde63487147a2f20c5d2aae3f7e95e00a7d11ad176db6bb915f61d94e2e5091c9e1bcf9bab9e061
  languageName: node
  linkType: hard

"iconv-lite@npm:0.4.19":
  version: 0.4.19
  resolution: "iconv-lite@npm:0.4.19"
  checksum: 10c0/db8035a8b2e358c064844ae14388bf26d4ea8c42b7e301e8811ad37af724424498ac1f9ce56300514239f94d9f2aae8fdaf79b9ba46b80f95ea1ce6e9bcb86de
  languageName: node
  linkType: hard

"inde@workspace:.":
  version: 0.0.0-use.local
  resolution: "inde@workspace:."
  dependencies:
    "@bower_components/angular": "angular/bower-angular#v1.4.9"
    "@bower_components/angular-animate": "angular/bower-angular-animate#v1.4.8"
    "@bower_components/angular-dragula": "scbd/angular-dragula#1dce13cd4fb9c53ded111e5ebfb5f18e5fa95117"
    "@bower_components/angular-loading-bar": "chieffancypants/angular-loading-bar#0.9.0"
    "@bower_components/angular-route": "angular/bower-angular-route#v1.4.8"
    "@bower_components/angular-socialshare": "720kb/angular-socialshare#semver:^2.3.3"
    "@bower_components/angular-toastr": "Foxandxss/angular-toastr#1.7.0"
    "@bower_components/angular-ui-select": "angular-ui/ui-select#semver:^0.19.4"
    "@bower_components/animate.css": "daneden/animate.css#semver:>=3.2.0"
    "@bower_components/bootstrap": "twbs/bootstrap#v3.3.6"
    "@bower_components/flag-icon-css": "lipis/flag-icon-css#2.8.0"
    "@bower_components/font-awesome": "FortAwesome/Font-Awesome#v4.5.0"
    "@bower_components/jquery": "jquery/jquery-dist#2.2.0"
    "@bower_components/linqjs": "file:./vendor/@bower_components/linqjs"
    "@bower_components/lodash": "lodash/lodash#4.15.0"
    "@bower_components/moment": "moment/moment#2.11.1"
    "@bower_components/moment-timezone": "moment/moment-timezone#0.5.3"
    "@bower_components/ng-ckeditor": "esvit/ng-ckeditor#semver:^0.2.1"
    "@bower_components/ng-dialog": "likeastore/ngDialog#0.5.8"
    "@bower_components/ng-file-upload": "npm:ng-file-upload@12.0.1"
    "@bower_components/ngSmoothScroll": "file:./vendor/@bower_components/ngSmoothScroll"
    "@bower_components/requirejs": "npm:requirejs@2.3.8"
    "@bower_components/requirejs-plugins": "npm:requirejs-plugins@1.0.2"
    "@bower_components/requirejs-text": "requirejs/text#2.0.15"
    "@bower_components/scroll-animate-directive": "file:./vendor/@bower_components/scroll-animate-directive"
    angular-cache: "npm:^4.6.0"
    ejs: "npm:2.6.1"
    express: "npm:4.16.3"
    http-proxy: "npm:1.17"
  languageName: unknown
  linkType: soft

"inherits@npm:2.0.3":
  version: 2.0.3
  resolution: "inherits@npm:2.0.3"
  checksum: 10c0/6e56402373149ea076a434072671f9982f5fad030c7662be0332122fe6c0fa490acb3cc1010d90b6eff8d640b1167d77674add52dfd1bb85d545cf29e80e73e7
  languageName: node
  linkType: hard

"ipaddr.js@npm:1.9.1":
  version: 1.9.1
  resolution: "ipaddr.js@npm:1.9.1"
  checksum: 10c0/0486e775047971d3fdb5fb4f063829bac45af299ae0b82dcf3afa2145338e08290563a2a70f34b732d795ecc8311902e541a8530eeb30d75860a78ff4e94ce2a
  languageName: node
  linkType: hard

"media-typer@npm:0.3.0":
  version: 0.3.0
  resolution: "media-typer@npm:0.3.0"
  checksum: 10c0/d160f31246907e79fed398470285f21bafb45a62869dc469b1c8877f3f064f5eabc4bcc122f9479b8b605bc5c76187d7871cf84c4ee3ecd3e487da1993279928
  languageName: node
  linkType: hard

"merge-descriptors@npm:1.0.1":
  version: 1.0.1
  resolution: "merge-descriptors@npm:1.0.1"
  checksum: 10c0/b67d07bd44cfc45cebdec349bb6e1f7b077ee2fd5beb15d1f7af073849208cb6f144fe403e29a36571baf3f4e86469ac39acf13c318381e958e186b2766f54ec
  languageName: node
  linkType: hard

"methods@npm:~1.1.2":
  version: 1.1.2
  resolution: "methods@npm:1.1.2"
  checksum: 10c0/bdf7cc72ff0a33e3eede03708c08983c4d7a173f91348b4b1e4f47d4cdbf734433ad971e7d1e8c77247d9e5cd8adb81ea4c67b0a2db526b758b2233d7814b8b2
  languageName: node
  linkType: hard

"mime-db@npm:1.52.0":
  version: 1.52.0
  resolution: "mime-db@npm:1.52.0"
  checksum: 10c0/0557a01deebf45ac5f5777fe7740b2a5c309c6d62d40ceab4e23da9f821899ce7a900b7ac8157d4548ddbb7beffe9abc621250e6d182b0397ec7f10c7b91a5aa
  languageName: node
  linkType: hard

"mime-types@npm:~2.1.24, mime-types@npm:~2.1.34":
  version: 2.1.35
  resolution: "mime-types@npm:2.1.35"
  dependencies:
    mime-db: "npm:1.52.0"
  checksum: 10c0/82fb07ec56d8ff1fc999a84f2f217aa46cb6ed1033fefaabd5785b9a974ed225c90dc72fff460259e66b95b73648596dbcc50d51ed69cdf464af2d237d3149b2
  languageName: node
  linkType: hard

"mime@npm:1.4.1":
  version: 1.4.1
  resolution: "mime@npm:1.4.1"
  bin:
    mime: cli.js
  checksum: 10c0/ba9db9f7eb3eaae61c072cf06d744db99c091b5c9fa49f68e44ada7c6cccc89568c7a830f9ae0a11f37c88ca3851cb59a138e4703895e01d55dbff274feb74be
  languageName: node
  linkType: hard

"moment@npm:>= 2.6.0":
  version: 2.30.1
  resolution: "moment@npm:2.30.1"
  checksum: 10c0/865e4279418c6de666fca7786607705fd0189d8a7b7624e2e56be99290ac846f90878a6f602e34b4e0455c549b85385b1baf9966845962b313699e7cb847543a
  languageName: node
  linkType: hard

"ms@npm:2.0.0":
  version: 2.0.0
  resolution: "ms@npm:2.0.0"
  checksum: 10c0/f8fda810b39fd7255bbdc451c46286e549794fcc700dc9cd1d25658bbc4dc2563a5de6fe7c60f798a16a60c6ceb53f033cb353f493f0cf63e5199b702943159d
  languageName: node
  linkType: hard

"negotiator@npm:0.6.3":
  version: 0.6.3
  resolution: "negotiator@npm:0.6.3"
  checksum: 10c0/3ec9fd413e7bf071c937ae60d572bc67155262068ed522cf4b3be5edbe6ddf67d095ec03a3a14ebf8fc8e95f8e1d61be4869db0dbb0de696f6b837358bd43fc2
  languageName: node
  linkType: hard

"on-finished@npm:~2.3.0":
  version: 2.3.0
  resolution: "on-finished@npm:2.3.0"
  dependencies:
    ee-first: "npm:1.1.1"
  checksum: 10c0/c904f9e518b11941eb60279a3cbfaf1289bd0001f600a950255b1dede9fe3df8cd74f38483550b3bb9485165166acb5db500c3b4c4337aec2815c88c96fcc2ea
  languageName: node
  linkType: hard

"parseurl@npm:~1.3.2":
  version: 1.3.3
  resolution: "parseurl@npm:1.3.3"
  checksum: 10c0/90dd4760d6f6174adb9f20cf0965ae12e23879b5f5464f38e92fce8073354341e4b3b76fa3d878351efe7d01e617121955284cfd002ab087fba1a0726ec0b4f5
  languageName: node
  linkType: hard

"path-to-regexp@npm:0.1.7":
  version: 0.1.7
  resolution: "path-to-regexp@npm:0.1.7"
  checksum: 10c0/50a1ddb1af41a9e68bd67ca8e331a705899d16fb720a1ea3a41e310480948387daf603abb14d7b0826c58f10146d49050a1291ba6a82b78a382d1c02c0b8f905
  languageName: node
  linkType: hard

"proxy-addr@npm:~2.0.3":
  version: 2.0.7
  resolution: "proxy-addr@npm:2.0.7"
  dependencies:
    forwarded: "npm:0.2.0"
    ipaddr.js: "npm:1.9.1"
  checksum: 10c0/c3eed999781a35f7fd935f398b6d8920b6fb00bbc14287bc6de78128ccc1a02c89b95b56742bf7cf0362cc333c61d138532049c7dedc7a328ef13343eff81210
  languageName: node
  linkType: hard

"qs@npm:6.5.1":
  version: 6.5.1
  resolution: "qs@npm:6.5.1"
  checksum: 10c0/303ebd46385399d8dc4acebd509b7c40ec36ff1170efff0a529dbd39d9ba5e313006c2476d2477db5b1ed17ecbb99be4a6b237f50bd9702b277cc86cd63beb75
  languageName: node
  linkType: hard

"range-parser@npm:~1.2.0":
  version: 1.2.1
  resolution: "range-parser@npm:1.2.1"
  checksum: 10c0/96c032ac2475c8027b7a4e9fe22dc0dfe0f6d90b85e496e0f016fbdb99d6d066de0112e680805075bd989905e2123b3b3d002765149294dce0c1f7f01fcc2ea0
  languageName: node
  linkType: hard

"raw-body@npm:2.3.2":
  version: 2.3.2
  resolution: "raw-body@npm:2.3.2"
  dependencies:
    bytes: "npm:3.0.0"
    http-errors: "npm:1.6.2"
    iconv-lite: "npm:0.4.19"
    unpipe: "npm:1.0.0"
  checksum: 10c0/4b075ebd134afd9c96a5e7109b255915059893cf20006d1d4f88efbc0f71f222849398bcfc600a53fc5ff776bc2373d283650ba2d1b154380039772bef6d31ab
  languageName: node
  linkType: hard

"requires-port@npm:^1.0.0":
  version: 1.0.0
  resolution: "requires-port@npm:1.0.0"
  checksum: 10c0/b2bfdd09db16c082c4326e573a82c0771daaf7b53b9ce8ad60ea46aa6e30aaf475fe9b164800b89f93b748d2c234d8abff945d2551ba47bf5698e04cd7713267
  languageName: node
  linkType: hard

"safe-buffer@npm:5.1.1":
  version: 5.1.1
  resolution: "safe-buffer@npm:5.1.1"
  checksum: 10c0/1c233bd105deeba3c9a8911ed4ec24ba45adbb51fec02f7944a10a202c38e3df4ef2b524bdeb55f2e4f8c77c13b2959e2e2e6022e5d99acdd70633b5f7e138cf
  languageName: node
  linkType: hard

"send@npm:0.16.2":
  version: 0.16.2
  resolution: "send@npm:0.16.2"
  dependencies:
    debug: "npm:2.6.9"
    depd: "npm:~1.1.2"
    destroy: "npm:~1.0.4"
    encodeurl: "npm:~1.0.2"
    escape-html: "npm:~1.0.3"
    etag: "npm:~1.8.1"
    fresh: "npm:0.5.2"
    http-errors: "npm:~1.6.2"
    mime: "npm:1.4.1"
    ms: "npm:2.0.0"
    on-finished: "npm:~2.3.0"
    range-parser: "npm:~1.2.0"
    statuses: "npm:~1.4.0"
  checksum: 10c0/64681de4068c53aa7792d977d8c5b548966ea4aec018850ebf8516cc8bd5547c6e7189ec599907e6a41216058347f0e4fc72d3b37a5f38bf07d5cda168b2b84d
  languageName: node
  linkType: hard

"serve-static@npm:1.13.2":
  version: 1.13.2
  resolution: "serve-static@npm:1.13.2"
  dependencies:
    encodeurl: "npm:~1.0.2"
    escape-html: "npm:~1.0.3"
    parseurl: "npm:~1.3.2"
    send: "npm:0.16.2"
  checksum: 10c0/7d277284091ed3902ae1020149b45559b0af5ccc64dcb66331ae771756afb10da56275b363ec2e8fa40607eaa2a7e90c84a40b28ff18083a0f5e78b215aaa634
  languageName: node
  linkType: hard

"setprototypeof@npm:1.1.0":
  version: 1.1.0
  resolution: "setprototypeof@npm:1.1.0"
  checksum: 10c0/a77b20876689c6a89c3b42f0c3596a9cae02f90fc902570cbd97198e9e8240382086c9303ad043e88cee10f61eae19f1004e51d885395a1e9bf49f9ebed12872
  languageName: node
  linkType: hard

"statuses@npm:1.5.0":
  version: 1.5.0
  resolution: "statuses@npm:1.5.0"
  checksum: 10c0/e433900956357b3efd79b1c547da4d291799ac836960c016d10a98f6a810b1b5c0dcc13b5a7aa609a58239b5190e1ea176ad9221c2157d2fd1c747393e6b2940
  languageName: node
  linkType: hard

"ticky@npm:1.0.0":
  version: 1.0.0
  resolution: "ticky@npm:1.0.0"
  checksum: 10c0/32d6752f62309c0120bd20282be33e774187a86eb737ee3e00cecc440f693eb4bd42aacfffe416b411f8a2094fe214f1d2240cdd4e3a9204481d473a04d1f16f
  languageName: node
  linkType: hard

"type-is@npm:~1.6.15, type-is@npm:~1.6.16":
  version: 1.6.18
  resolution: "type-is@npm:1.6.18"
  dependencies:
    media-typer: "npm:0.3.0"
    mime-types: "npm:~2.1.24"
  checksum: 10c0/a23daeb538591b7efbd61ecf06b6feb2501b683ffdc9a19c74ef5baba362b4347e42f1b4ed81f5882a8c96a3bfff7f93ce3ffaf0cbbc879b532b04c97a55db9d
  languageName: node
  linkType: hard

"unpipe@npm:1.0.0, unpipe@npm:~1.0.0":
  version: 1.0.0
  resolution: "unpipe@npm:1.0.0"
  checksum: 10c0/193400255bd48968e5c5383730344fbb4fa114cdedfab26e329e50dd2d81b134244bb8a72c6ac1b10ab0281a58b363d06405632c9d49ca9dfd5e90cbd7d0f32c
  languageName: node
  linkType: hard

"utils-merge@npm:1.0.1":
  version: 1.0.1
  resolution: "utils-merge@npm:1.0.1"
  checksum: 10c0/02ba649de1b7ca8854bfe20a82f1dfbdda3fb57a22ab4a8972a63a34553cf7aa51bc9081cf7e001b035b88186d23689d69e71b510e610a09a4c66f68aa95b672
  languageName: node
  linkType: hard

"vary@npm:~1.1.2":
  version: 1.1.2
  resolution: "vary@npm:1.1.2"
  checksum: 10c0/f15d588d79f3675135ba783c91a4083dcd290a2a5be9fcb6514220a1634e23df116847b1cc51f66bfb0644cf9353b2abb7815ae499bab06e46dd33c1a6bf1f4f
  languageName: node
  linkType: hard
